// !$*UTF8*$!
{
	archiveVersion = 1;
	classes = {
	};
	objectVersion = 46;
	objects = {

/* Begin PBXBuildFile section */
		992D5B911B7A405A00F64C8A /* AddToDoItemViewController.m in Sources */ = {isa = PBXBuildFile; fileRef = 992D5B901B7A405A00F64C8A /* AddToDoItemViewController.m */; };
		992D5B941B7A41C300F64C8A /* ToDoListTableViewController.m in Sources */ = {isa = PBXBuildFile; fileRef = 992D5B931B7A41C300F64C8A /* ToDoListTableViewController.m */; };
		9935A3E61B7BF4FF0056B9A5 /* ToDoItem.m in Sources */ = {isa = PBXBuildFile; fileRef = 9935A3E51B7BF4FF0056B9A5 /* ToDoItem.m */; };
		9939D6B71B7E5F2800F90342 /* SimpleCar.m in Sources */ = {isa = PBXBuildFile; fileRef = 9939D6B61B7E5F2800F90342 /* SimpleCar.m */; };
		99E1ADE81B791D3F008B6BF0 /* main.m in Sources */ = {isa = PBXBuildFile; fileRef = 99E1ADE71B791D3F008B6BF0 /* main.m */; };
		99E1ADEB1B791D3F008B6BF0 /* AppDelegate.m in Sources */ = {isa = PBXBuildFile; fileRef = 99E1ADEA1B791D3F008B6BF0 /* AppDelegate.m */; };
		99E1ADF11B791D3F008B6BF0 /* Main.storyboard in Resources */ = {isa = PBXBuildFile; fileRef = 99E1ADEF1B791D3F008B6BF0 /* Main.storyboard */; };
		99E1ADF31B791D3F008B6BF0 /* Images.xcassets in Resources */ = {isa = PBXBuildFile; fileRef = 99E1ADF21B791D3F008B6BF0 /* Images.xcassets */; };
		99E1ADF61B791D3F008B6BF0 /* LaunchScreen.xib in Resources */ = {isa = PBXBuildFile; fileRef = 99E1ADF41B791D3F008B6BF0 /* LaunchScreen.xib */; };
		99E1AE021B791D3F008B6BF0 /* ToDoListTests.m in Sources */ = {isa = PBXBuildFile; fileRef = 99E1AE011B791D3F008B6BF0 /* ToDoListTests.m */; };
/* End PBXBuildFile section */

/* Begin PBXContainerItemProxy section */
		99E1ADFC1B791D3F008B6BF0 /* PBXContainerItemProxy */ = {
			isa = PBXContainerItemProxy;
			containerPortal = 99E1ADDA1B791D3F008B6BF0 /* Project object */;
			proxyType = 1;
			remoteGlobalIDString = 99E1ADE11B791D3F008B6BF0;
			remoteInfo = ToDoList;
		};
/* End PBXContainerItemProxy section */

/* Begin PBXFileReference section */
		992D5B8F1B7A405A00F64C8A /* AddToDoItemViewController.h */ = {isa = PBXFileReference; fileEncoding = 4; lastKnownFileType = sourcecode.c.h; name = AddToDoItemViewController.h; path = ../AddToDoItemViewController.h; sourceTree = "<group>"; };
		992D5B901B7A405A00F64C8A /* AddToDoItemViewController.m */ = {isa = PBXFileReference; fileEncoding = 4; lastKnownFileType = sourcecode.c.objc; name = AddToDoItemViewController.m; path = ../AddToDoItemViewController.m; sourceTree = "<group>"; };
		992D5B921B7A41C300F64C8A /* ToDoListTableViewController.h */ = {isa = PBXFileReference; fileEncoding = 4; lastKnownFileType = sourcecode.c.h; path = ToDoListTableViewController.h; sourceTree = "<group>"; };
		992D5B931B7A41C300F64C8A /* ToDoListTableViewController.m */ = {isa = PBXFileReference; fileEncoding = 4; lastKnownFileType = sourcecode.c.objc; path = ToDoListTableViewController.m; sourceTree = "<group>"; };
		9935A3E41B7BF4FF0056B9A5 /* ToDoItem.h */ = {isa = PBXFileReference; fileEncoding = 4; lastKnownFileType = sourcecode.c.h; path = ToDoItem.h; sourceTree = "<group>"; };
		9935A3E51B7BF4FF0056B9A5 /* ToDoItem.m */ = {isa = PBXFileReference; fileEncoding = 4; lastKnownFileType = sourcecode.c.objc; path = ToDoItem.m; sourceTree = "<group>"; };
		9939D6B51B7E5F2800F90342 /* SimpleCar.h */ = {isa = PBXFileReference; fileEncoding = 4; lastKnownFileType = sourcecode.c.h; path = SimpleCar.h; sourceTree = "<group>"; };
		9939D6B61B7E5F2800F90342 /* SimpleCar.m */ = {isa = PBXFileReference; fileEncoding = 4; lastKnownFileType = sourcecode.c.objc; path = SimpleCar.m; sourceTree = "<group>"; };
		99E1ADE21B791D3F008B6BF0 /* ToDoList.app */ = {isa = PBXFileReference; explicitFileType = wrapper.application; includeInIndex = 0; path = ToDoList.app; sourceTree = BUILT_PRODUCTS_DIR; };
		99E1ADE61B791D3F008B6BF0 /* Info.plist */ = {isa = PBXFileReference; lastKnownFileType = text.plist.xml; path = Info.plist; sourceTree = "<group>"; };
		99E1ADE71B791D3F008B6BF0 /* main.m */ = {isa = PBXFileReference; lastKnownFileType = sourcecode.c.objc; path = main.m; sourceTree = "<group>"; };
		99E1ADE91B791D3F008B6BF0 /* AppDelegate.h */ = {isa = PBXFileReference; lastKnownFileType = sourcecode.c.h; path = AppDelegate.h; sourceTree = "<group>"; };
		99E1ADEA1B791D3F008B6BF0 /* AppDelegate.m */ = {isa = PBXFileReference; lastKnownFileType = sourcecode.c.objc; path = AppDelegate.m; sourceTree = "<group>"; };
		99E1ADF01B791D3F008B6BF0 /* Base */ = {isa = PBXFileReference; lastKnownFileType = file.storyboard; name = Base; path = Base.lproj/Main.storyboard; sourceTree = "<group>"; };
		99E1ADF21B791D3F008B6BF0 /* Images.xcassets */ = {isa = PBXFileReference; lastKnownFileType = folder.assetcatalog; path = Images.xcassets; sourceTree = "<group>"; };
		99E1ADF51B791D3F008B6BF0 /* Base */ = {isa = PBXFileReference; lastKnownFileType = file.xib; name = Base; path = Base.lproj/LaunchScreen.xib; sourceTree = "<group>"; };
		99E1ADFB1B791D3F008B6BF0 /* ToDoListTests.xctest */ = {isa = PBXFileReference; explicitFileType = wrapper.cfbundle; includeInIndex = 0; path = ToDoListTests.xctest; sourceTree = BUILT_PRODUCTS_DIR; };
		99E1AE001B791D3F008B6BF0 /* Info.plist */ = {isa = PBXFileReference; lastKnownFileType = text.plist.xml; path = Info.plist; sourceTree = "<group>"; };
		99E1AE011B791D3F008B6BF0 /* ToDoListTests.m */ = {isa = PBXFileReference; lastKnownFileType = sourcecode.c.objc; path = ToDoListTests.m; sourceTree = "<group>"; };
/* End PBXFileReference section */

/* Begin PBXFrameworksBuildPhase section */
		99E1ADDF1B791D3F008B6BF0 /* Frameworks */ = {
			isa = PBXFrameworksBuildPhase;
			buildActionMask = 2147483647;
			files = (
			);
			runOnlyForDeploymentPostprocessing = 0;
		};
		99E1ADF81B791D3F008B6BF0 /* Frameworks */ = {
			isa = PBXFrameworksBuildPhase;
			buildActionMask = 2147483647;
			files = (
			);
			runOnlyForDeploymentPostprocessing = 0;
		};
/* End PBXFrameworksBuildPhase section */

/* Begin PBXGroup section */
		9939D6B41B7E5EC600F90342 /* Tests */ = {
			isa = PBXGroup;
			children = (
				9939D6B51B7E5F2800F90342 /* SimpleCar.h */,
				9939D6B61B7E5F2800F90342 /* SimpleCar.m */,
			);
			name = Tests;
			sourceTree = "<group>";
		};
		99E1ADD91B791D3F008B6BF0 = {
			isa = PBXGroup;
			children = (
				99E1ADE41B791D3F008B6BF0 /* ToDoList */,
				99E1ADFE1B791D3F008B6BF0 /* ToDoListTests */,
				99E1ADE31B791D3F008B6BF0 /* Products */,
			);
			sourceTree = "<group>";
		};
		99E1ADE31B791D3F008B6BF0 /* Products */ = {
			isa = PBXGroup;
			children = (
				99E1ADE21B791D3F008B6BF0 /* ToDoList.app */,
				99E1ADFB1B791D3F008B6BF0 /* ToDoListTests.xctest */,
			);
			name = Products;
			sourceTree = "<group>";
		};
		99E1ADE41B791D3F008B6BF0 /* ToDoList */ = {
			isa = PBXGroup;
			children = (
				9939D6B41B7E5EC600F90342 /* Tests */,
				99E1ADE91B791D3F008B6BF0 /* AppDelegate.h */,
				99E1ADEA1B791D3F008B6BF0 /* AppDelegate.m */,
				99E1ADEF1B791D3F008B6BF0 /* Main.storyboard */,
				992D5B8F1B7A405A00F64C8A /* AddToDoItemViewController.h */,
				992D5B901B7A405A00F64C8A /* AddToDoItemViewController.m */,
				992D5B921B7A41C300F64C8A /* ToDoListTableViewController.h */,
				992D5B931B7A41C300F64C8A /* ToDoListTableViewController.m */,
				9935A3E41B7BF4FF0056B9A5 /* ToDoItem.h */,
				9935A3E51B7BF4FF0056B9A5 /* ToDoItem.m */,
				99E1ADF21B791D3F008B6BF0 /* Images.xcassets */,
				99E1ADF41B791D3F008B6BF0 /* LaunchScreen.xib */,
				99E1ADE51B791D3F008B6BF0 /* Supporting Files */,
			);
			path = ToDoList;
			sourceTree = "<group>";
		};
		99E1ADE51B791D3F008B6BF0 /* Supporting Files */ = {
			isa = PBXGroup;
			children = (
				99E1ADE61B791D3F008B6BF0 /* Info.plist */,
				99E1ADE71B791D3F008B6BF0 /* main.m */,
			);
			name = "Supporting Files";
			sourceTree = "<group>";
		};
		99E1ADFE1B791D3F008B6BF0 /* ToDoListTests */ = {
			isa = PBXGroup;
			children = (
				99E1AE011B791D3F008B6BF0 /* ToDoListTests.m */,
				99E1ADFF1B791D3F008B6BF0 /* Supporting Files */,
			);
			path = ToDoListTests;
			sourceTree = "<group>";
		};
		99E1ADFF1B791D3F008B6BF0 /* Supporting Files */ = {
			isa = PBXGroup;
			children = (
				99E1AE001B791D3F008B6BF0 /* Info.plist */,
			);
			name = "Supporting Files";
			sourceTree = "<group>";
		};
/* End PBXGroup section */

/* Begin PBXNativeTarget section */
		99E1ADE11B791D3F008B6BF0 /* ToDoList */ = {
			isa = PBXNativeTarget;
			buildConfigurationList = 99E1AE051B791D3F008B6BF0 /* Build configuration list for PBXNativeTarget "ToDoList" */;
			buildPhases = (
				99E1ADDE1B791D3F008B6BF0 /* Sources */,
				99E1ADDF1B791D3F008B6BF0 /* Frameworks */,
				99E1ADE01B791D3F008B6BF0 /* Resources */,
			);
			buildRules = (
			);
			dependencies = (
			);
			name = ToDoList;
			productName = ToDoList;
			productReference = 99E1ADE21B791D3F008B6BF0 /* ToDoList.app */;
			productType = "com.apple.product-type.application";
		};
		99E1ADFA1B791D3F008B6BF0 /* ToDoListTests */ = {
			isa = PBXNativeTarget;
			buildConfigurationList = 99E1AE081B791D3F008B6BF0 /* Build configuration list for PBXNativeTarget "ToDoListTests" */;
			buildPhases = (
				99E1ADF71B791D3F008B6BF0 /* Sources */,
				99E1ADF81B791D3F008B6BF0 /* Frameworks */,
				99E1ADF91B791D3F008B6BF0 /* Resources */,
			);
			buildRules = (
			);
			dependencies = (
				99E1ADFD1B791D3F008B6BF0 /* PBXTargetDependency */,
			);
			name = ToDoListTests;
			productName = ToDoListTests;
			productReference = 99E1ADFB1B791D3F008B6BF0 /* ToDoListTests.xctest */;
			productType = "com.apple.product-type.bundle.unit-test";
		};
/* End PBXNativeTarget section */

/* Begin PBXProject section */
		99E1ADDA1B791D3F008B6BF0 /* Project object */ = {
			isa = PBXProject;
			attributes = {
				LastUpgradeCheck = 0640;
				ORGANIZATIONNAME = "Ruben Quintero";
				TargetAttributes = {
					99E1ADE11B791D3F008B6BF0 = {
						CreatedOnToolsVersion = 6.4;
					};
					99E1ADFA1B791D3F008B6BF0 = {
						CreatedOnToolsVersion = 6.4;
						TestTargetID = 99E1ADE11B791D3F008B6BF0;
					};
				};
			};
			buildConfigurationList = 99E1ADDD1B791D3F008B6BF0 /* Build configuration list for PBXProject "ToDoList" */;
			compatibilityVersion = "Xcode 3.2";
			developmentRegion = English;
			hasScannedForEncodings = 0;
			knownRegions = (
				en,
				Base,
			);
			mainGroup = 99E1ADD91B791D3F008B6BF0;
			productRefGroup = 99E1ADE31B791D3F008B6BF0 /* Products */;
			projectDirPath = "";
			projectRoot = "";
			targets = (
				99E1ADE11B791D3F008B6BF0 /* ToDoList */,
				99E1ADFA1B791D3F008B6BF0 /* ToDoListTests */,
			);
		};
/* End PBXProject section */

/* Begin PBXResourcesBuildPhase section */
		99E1ADE01B791D3F008B6BF0 /* Resources */ = {
			isa = PBXResourcesBuildPhase;
			buildActionMask = 2147483647;
			files = (
				99E1ADF11B791D3F008B6BF0 /* Main.storyboard in Resources */,
				99E1ADF61B791D3F008B6BF0 /* LaunchScreen.xib in Resources */,
				99E1ADF31B791D3F008B6BF0 /* Images.xcassets in Resources */,
			);
			runOnlyForDeploymentPostprocessing = 0;
		};
		99E1ADF91B791D3F008B6BF0 /* Resources */ = {
			isa = PBXResourcesBuildPhase;
			buildActionMask = 2147483647;
			files = (
			);
			runOnlyForDeploymentPostprocessing = 0;
		};
/* End PBXResourcesBuildPhase section */

/* Begin PBXSourcesBuildPhase section */
		99E1ADDE1B791D3F008B6BF0 /* Sources */ = {
			isa = PBXSourcesBuildPhase;
			buildActionMask = 2147483647;
			files = (
				99E1ADEB1B791D3F008B6BF0 /* AppDelegate.m in Sources */,
				9935A3E61B7BF4FF0056B9A5 /* ToDoItem.m in Sources */,
				992D5B941B7A41C300F64C8A /* ToDoListTableViewController.m in Sources */,
				99E1ADE81B791D3F008B6BF0 /* main.m in Sources */,
				9939D6B71B7E5F2800F90342 /* SimpleCar.m in Sources */,
				992D5B911B7A405A00F64C8A /* AddToDoItemViewController.m in Sources */,
			);
			runOnlyForDeploymentPostprocessing = 0;
		};
		99E1ADF71B791D3F008B6BF0 /* Sources */ = {
			isa = PBXSourcesBuildPhase;
			buildActionMask = 2147483647;
			files = (
				99E1AE021B791D3F008B6BF0 /* ToDoListTests.m in Sources */,
			);
			runOnlyForDeploymentPostprocessing = 0;
		};
/* End PBXSourcesBuildPhase section */

/* Begin PBXTargetDependency section */
		99E1ADFD1B791D3F008B6BF0 /* PBXTargetDependency */ = {
			isa = PBXTargetDependency;
			target = 99E1ADE11B791D3F008B6BF0 /* ToDoList */;
			targetProxy = 99E1ADFC1B791D3F008B6BF0 /* PBXContainerItemProxy */;
		};
/* End PBXTargetDependency section */

/* Begin PBXVariantGroup section */
		99E1ADEF1B791D3F008B6BF0 /* Main.storyboard */ = {
			isa = PBXVariantGroup;
			children = (
				99E1ADF01B791D3F008B6BF0 /* Base */,
			);
			name = Main.storyboard;
			sourceTree = "<group>";
		};
		99E1ADF41B791D3F008B6BF0 /* LaunchScreen.xib */ = {
			isa = PBXVariantGroup;
			children = (
				99E1ADF51B791D3F008B6BF0 /* Base */,
			);
			name = LaunchScreen.xib;
			sourceTree = "<group>";
		};
/* End PBXVariantGroup section */

/* Begin XCBuildConfiguration section */
		99E1AE031B791D3F008B6BF0 /* Debug */ = {
			isa = XCBuildConfiguration;
			buildSettings = {
				ALWAYS_SEARCH_USER_PATHS = NO;
				CLANG_CXX_LANGUAGE_STANDARD = "gnu++0x";
				CLANG_CXX_LIBRARY = "libc++";
				CLANG_ENABLE_MODULES = YES;
				CLANG_ENABLE_OBJC_ARC = YES;
				CLANG_WARN_BOOL_CONVERSION = YES;
				CLANG_WARN_CONSTANT_CONVERSION = YES;
				CLANG_WARN_DIRECT_OBJC_ISA_USAGE = YES_ERROR;
				CLANG_WARN_EMPTY_BODY = YES;
				CLANG_WARN_ENUM_CONVERSION = YES;
				CLANG_WARN_INT_CONVERSION = YES;
				CLANG_WARN_OBJC_ROOT_CLASS = YES_ERROR;
				CLANG_WARN_UNREACHABLE_CODE = YES;
				CLANG_WARN__DUPLICATE_METHOD_MATCH = YES;
				"CODE_SIGN_IDENTITY[sdk=iphoneos*]" = "iPhone Developer";
				COPY_PHASE_STRIP = NO;
				DEBUG_INFORMATION_FORMAT = "dwarf-with-dsym";
				ENABLE_STRICT_OBJC_MSGSEND = YES;
				GCC_C_LANGUAGE_STANDARD = gnu99;
				GCC_DYNAMIC_NO_PIC = NO;
				GCC_NO_COMMON_BLOCKS = YES;
				GCC_OPTIMIZATION_LEVEL = 0;
				GCC_PREPROCESSOR_DEFINITIONS = (
					"DEBUG=1",
					"$(inherited)",
				);
				GCC_SYMBOLS_PRIVATE_EXTERN = NO;
				GCC_WARN_64_TO_32_BIT_CONVERSION = YES;
				GCC_WARN_ABOUT_RETURN_TYPE = YES_ERROR;
				GCC_WARN_UNDECLARED_SELECTOR = YES;
				GCC_WARN_UNINITIALIZED_AUTOS = YES_AGGRESSIVE;
				GCC_WARN_UNUSED_FUNCTION = YES;
				GCC_WARN_UNUSED_VARIABLE = YES;
				IPHONEOS_DEPLOYMENT_TARGET = 8.4;
				MTL_ENABLE_DEBUG_INFO = YES;
				ONLY_ACTIVE_ARCH = YES;
				SDKROOT = iphoneos;
				TARGETED_DEVICE_FAMILY = "1,2";
			};
			name = Debug;
		};
		99E1AE041B791D3F008B6BF0 /* Release */ = {
			isa = XCBuildConfiguration;
			buildSettings = {
				ALWAYS_SEARCH_USER_PATHS = NO;
				CLANG_CXX_LANGUAGE_STANDARD = "gnu++0x";
				CLANG_CXX_LIBRARY = "libc++";
				CLANG_ENABLE_MODULES = YES;
				CLANG_ENABLE_OBJC_ARC = YES;
				CLANG_WARN_BOOL_CONVERSION = YES;
				CLANG_WARN_CONSTANT_CONVERSION = YES;
				CLANG_WARN_DIRECT_OBJC_ISA_USAGE = YES_ERROR;
				CLANG_WARN_EMPTY_BODY = YES;
				CLANG_WARN_ENUM_CONVERSION = YES;
				CLANG_WARN_INT_CONVERSION = YES;
				CLANG_WARN_OBJC_ROOT_CLASS = YES_ERROR;
				CLANG_WARN_UNREACHABLE_CODE = YES;
				CLANG_WARN__DUPLICATE_METHOD_MATCH = YES;
				"CODE_SIGN_IDENTITY[sdk=iphoneos*]" = "iPhone Developer";
				COPY_PHASE_STRIP = NO;
				DEBUG_INFORMATION_FORMAT = "dwarf-with-dsym";
				ENABLE_NS_ASSERTIONS = NO;
				ENABLE_STRICT_OBJC_MSGSEND = YES;
				GCC_C_LANGUAGE_STANDARD = gnu99;
				GCC_NO_COMMON_BLOCKS = YES;
				GCC_WARN_64_TO_32_BIT_CONVERSION = YES;
				GCC_WARN_ABOUT_RETURN_TYPE = YES_ERROR;
				GCC_WARN_UNDECLARED_SELECTOR = YES;
				GCC_WARN_UNINITIALIZED_AUTOS = YES_AGGRESSIVE;
				GCC_WARN_UNUSED_FUNCTION = YES;
				GCC_WARN_UNUSED_VARIABLE = YES;
				IPHONEOS_DEPLOYMENT_TARGET = 8.4;
				MTL_ENABLE_DEBUG_INFO = NO;
				SDKROOT = iphoneos;
				TARGETED_DEVICE_FAMILY = "1,2";
				VALIDATE_PRODUCT = YES;
			};
			name = Release;
		};
		99E1AE061B791D3F008B6BF0 /* Debug */ = {
			isa = XCBuildConfiguration;
			buildSettings = {
				ASSETCATALOG_COMPILER_APPICON_NAME = AppIcon;
				INFOPLIST_FILE = ToDoList/Info.plist;
				LD_RUNPATH_SEARCH_PATHS = "$(inherited) @executable_path/Frameworks";
				PRODUCT_NAME = "$(TARGET_NAME)";
			};
			name = Debug;
		};
		99E1AE071B791D3F008B6BF0 /* Release */ = {
			isa = XCBuildConfiguration;
			buildSettings = {
				ASSETCATALOG_COMPILER_APPICON_NAME = AppIcon;
				INFOPLIST_FILE = ToDoList/Info.plist;
				LD_RUNPATH_SEARCH_PATHS = "$(inherited) @executable_path/Frameworks";
				PRODUCT_NAME = "$(TARGET_NAME)";
			};
			name = Release;
		};
		99E1AE091B791D3F008B6BF0 /* Debug */ = {
			isa = XCBuildConfiguration;
			buildSettings = {
				BUNDLE_LOADER = "$(TEST_HOST)";
				FRAMEWORK_SEARCH_PATHS = (
					"$(SDKROOT)/Developer/Library/Frameworks",
					"$(inherited)",
				);
				GCC_PREPROCESSOR_DEFINITIONS = (
					"DEBUG=1",
					"$(inherited)",
				);
				INFOPLIST_FILE = ToDoListTests/Info.plist;
				LD_RUNPATH_SEARCH_PATHS = "$(inherited) @executable_path/Frameworks @loader_path/Frameworks";
				PRODUCT_NAME = "$(TARGET_NAME)";
				TEST_HOST = "$(BUILT_PRODUCTS_DIR)/ToDoList.app/ToDoList";
			};
			name = Debug;
		};
		99E1AE0A1B791D3F008B6BF0 /* Release */ = {
			isa = XCBuildConfiguration;
			buildSettings = {
				BUNDLE_LOADER = "$(TEST_HOST)";
				FRAMEWORK_SEARCH_PATHS = (
					"$(SDKROOT)/Developer/Library/Frameworks",
					"$(inherited)",
				);
				INFOPLIST_FILE = ToDoListTests/Info.plist;
				LD_RUNPATH_SEARCH_PATHS = "$(inherited) @executable_path/Frameworks @loader_path/Frameworks";
				PRODUCT_NAME = "$(TARGET_NAME)";
				TEST_HOST = "$(BUILT_PRODUCTS_DIR)/ToDoList.app/ToDoList";
			};
			name = Release;
		};
/* End XCBuildConfiguration section */

/* Begin XCConfigurationList section */
		99E1ADDD1B791D3F008B6BF0 /* Build configuration list for PBXProject "ToDoList" */ = {
			isa = XCConfigurationList;
			buildConfigurations = (
				99E1AE031B791D3F008B6BF0 /* Debug */,
				99E1AE041B791D3F008B6BF0 /* Release */,
			);
			defaultConfigurationIsVisible = 0;
			defaultConfigurationName = Release;
		};
		99E1AE051B791D3F008B6BF0 /* Build configuration list for PBXNativeTarget "ToDoList" */ = {
			isa = XCConfigurationList;
			buildConfigurations = (
				99E1AE061B791D3F008B6BF0 /* Debug */,
				99E1AE071B791D3F008B6BF0 /* Release */,
			);
			defaultConfigurationIsVisible = 0;
			defaultConfigurationName = Release;
		};
		99E1AE081B791D3F008B6BF0 /* Build configuration list for PBXNativeTarget "ToDoListTests" */ = {
			isa = XCConfigurationList;
			buildConfigurations = (
				99E1AE091B791D3F008B6BF0 /* Debug */,
				99E1AE0A1B791D3F008B6BF0 /* Release */,
			);
			defaultConfigurationIsVisible = 0;
			defaultConfigurationName = Release;
		};
/* End XCConfigurationList section */
	};
	rootObject = 99E1ADDA1B791D3F008B6BF0 /* Project object */;
}
